
Microsoft Visual Studio Solution File, Format Version 12.00
# Visual Studio Version 17
VisualStudioVersion = 17.0.31903.59
MinimumVisualStudioVersion = 10.0.40219.1
Project("{FAE04EC0-301F-11D3-BF4B-00C04F79EFBC}") = "Figures", "Figures.csproj", "{B4AEC9DA-6B04-4D60-BE90-F4177F018220}"
EndProject
Project("{FAE04EC0-301F-11D3-BF4B-00C04F79EFBC}") = "FiguresTests", "..\FiguresTests\FiguresTests.csproj", "{C76B56E3-C403-42FF-80CD-57381D869F34}"
EndProject
Global
	GlobalSection(SolutionConfigurationPlatforms) = preSolution
		Debug|Any CPU = Debug|Any CPU
		Release|Any CPU = Release|Any CPU
	EndGlobalSection
	GlobalSection(ProjectConfigurationPlatforms) = postSolution
		{B4AEC9DA-6B04-4D60-BE90-F4177F018220}.Debug|Any CPU.ActiveCfg = Debug|Any CPU
		{B4AEC9DA-6B04-4D60-BE90-F4177F018220}.Debug|Any CPU.Build.0 = Debug|Any CPU
		{B4AEC9DA-6B04-4D60-BE90-F4177F018220}.Release|Any CPU.ActiveCfg = Release|Any CPU
		{B4AEC9DA-6B04-4D60-BE90-F4177F018220}.Release|Any CPU.Build.0 = Release|Any CPU
		{C76B56E3-C403-42FF-80CD-57381D869F34}.Debug|Any CPU.ActiveCfg = Debug|Any CPU
		{C76B56E3-C403-42FF-80CD-57381D869F34}.Debug|Any CPU.Build.0 = Debug|Any CPU
		{C76B56E3-C403-42FF-80CD-57381D869F34}.Release|Any CPU.ActiveCfg = Release|Any CPU
		{C76B56E3-C403-42FF-80CD-57381D869F34}.Release|Any CPU.Build.0 = Release|Any CPU
	EndGlobalSection
	GlobalSection(SolutionProperties) = preSolution
		HideSolutionNode = FALSE
	EndGlobalSection
	GlobalSection(ExtensibilityGlobals) = postSolution
		SolutionGuid = {CAF7E1F4-671F-4616-94C1-2D61BCEE1F2D}
	EndGlobalSection
EndGlobal
